
Microsoft Visual Studio Solution File, Format Version 12.00
# Visual Studio 15
VisualStudioVersion = 15.0.26403.3
MinimumVisualStudioVersion = 10.0.40219.1
Project("{FAE04EC0-301F-11D3-BF4B-00C04F79EFBC}") = "EventManager.Models", "EventManager.Models\EventManager.Models.csproj", "{34253680-A16C-4060-9D8B-BA18BBC2939B}"
EndProject
Project("{FAE04EC0-301F-11D3-BF4B-00C04F79EFBC}") = "EventManager.Data", "EventManager.Data\EventManager.Data.csproj", "{81FF4119-0F00-43B2-8553-FA0355B810A2}"
EndProject
Project("{FAE04EC0-301F-11D3-BF4B-00C04F79EFBC}") = "EventManager.Client", "EventManager.Client\EventManager.Client.csproj", "{8D24E74E-1316-472D-B622-AFEABF757D12}"
EndProject
Global
	GlobalSection(SolutionConfigurationPlatforms) = preSolution
		Debug|Any CPU = Debug|Any CPU
		Release|Any CPU = Release|Any CPU
	EndGlobalSection
	GlobalSection(ProjectConfigurationPlatforms) = postSolution
		{34253680-A16C-4060-9D8B-BA18BBC2939B}.Debug|Any CPU.ActiveCfg = Debug|Any CPU
		{34253680-A16C-4060-9D8B-BA18BBC2939B}.Debug|Any CPU.Build.0 = Debug|Any CPU
		{34253680-A16C-4060-9D8B-BA18BBC2939B}.Release|Any CPU.ActiveCfg = Release|Any CPU
		{34253680-A16C-4060-9D8B-BA18BBC2939B}.Release|Any CPU.Build.0 = Release|Any CPU
		{81FF4119-0F00-43B2-8553-FA0355B810A2}.Debug|Any CPU.ActiveCfg = Debug|Any CPU
		{81FF4119-0F00-43B2-8553-FA0355B810A2}.Debug|Any CPU.Build.0 = Debug|Any CPU
		{81FF4119-0F00-43B2-8553-FA0355B810A2}.Release|Any CPU.ActiveCfg = Release|Any CPU
		{81FF4119-0F00-43B2-8553-FA0355B810A2}.Release|Any CPU.Build.0 = Release|Any CPU
		{8D24E74E-1316-472D-B622-AFEABF757D12}.Debug|Any CPU.ActiveCfg = Debug|Any CPU
		{8D24E74E-1316-472D-B622-AFEABF757D12}.Debug|Any CPU.Build.0 = Debug|Any CPU
		{8D24E74E-1316-472D-B622-AFEABF757D12}.Release|Any CPU.ActiveCfg = Release|Any CPU
		{8D24E74E-1316-472D-B622-AFEABF757D12}.Release|Any CPU.Build.0 = Release|Any CPU
	EndGlobalSection
	GlobalSection(SolutionProperties) = preSolution
		HideSolutionNode = FALSE
	EndGlobalSection
EndGlobal
